
Microsoft Visual Studio Solution File, Format Version 12.00
# Visual Studio Version 17
VisualStudioVersion = 17.9.34728.123
MinimumVisualStudioVersion = 10.0.40219.1
Project("{FAE04EC0-301F-11D3-BF4B-00C04F79EFBC}") = "Reflection", "Reflection\Reflection.csproj", "{A491D0B0-43BD-49E0-B4D5-C264538EE48A}"
EndProject
Global
	GlobalSection(SolutionConfigurationPlatforms) = preSolution
		Debug|Any CPU = Debug|Any CPU
		Release|Any CPU = Release|Any CPU
	EndGlobalSection
	GlobalSection(ProjectConfigurationPlatforms) = postSolution
		{A491D0B0-43BD-49E0-B4D5-C264538EE48A}.Debug|Any CPU.ActiveCfg = Debug|Any CPU
		{A491D0B0-43BD-49E0-B4D5-C264538EE48A}.Debug|Any CPU.Build.0 = Debug|Any CPU
		{A491D0B0-43BD-49E0-B4D5-C264538EE48A}.Release|Any CPU.ActiveCfg = Release|Any CPU
		{A491D0B0-43BD-49E0-B4D5-C264538EE48A}.Release|Any CPU.Build.0 = Release|Any CPU
	EndGlobalSection
	GlobalSection(SolutionProperties) = preSolution
		HideSolutionNode = FALSE
	EndGlobalSection
	GlobalSection(ExtensibilityGlobals) = postSolution
		SolutionGuid = {DBFD5B5C-BD81-4684-9CE0-20B4096953E7}
	EndGlobalSection
EndGlobal
